{
  "name": "npm-practice",
  "version": "1.0.0",
  "lockfileVersion": 2,
  "requires": true,
  "packages": {
    "": {
      "name": "npm-practice",
      "version": "1.0.0",
      "license": "ISC",
      "dependencies": {
        "dayjs": "^1.11.7",
        "pluralize": "^8.0.0",
        "pluralize-js": "^8.0.1"
      }
    },
    "node_modules/dayjs": {
      "version": "1.11.7",
      "resolved": "https://registry.npmjs.org/dayjs/-/dayjs-1.11.7.tgz",
      "integrity": "sha512-+Yw9U6YO5TQohxLcIkrXBeY73WP3ejHWVvx8XCk3gxvQDCTEmS48ZrSZCKciI7Bhl/uCMyxYtE9UqRILmFphkQ=="
    },
    "node_modules/pluralize": {
      "version": "8.0.0",
      "resolved": "https://registry.npmjs.org/pluralize/-/pluralize-8.0.0.tgz",
      "integrity": "sha512-Nc3IT5yHzflTfbjgqWcCPpo7DaKy4FnpB0l/zCAW0Tc7jxAiuqSxHasntB3D7887LSrA93kDJ9IXovxJYxyLCA==",
      "engines": {
        "node": ">=4"
      }
    },
    "node_modules/pluralize-js": {
      "version": "8.0.1",
      "resolved": "https://registry.npmjs.org/pluralize-js/-/pluralize-js-8.0.1.tgz",
      "integrity": "sha512-BYdyDHr+quw2JcvZrWrJTXf+sPjuhGbl7dZPnDsSDqqwGOMlTc+Laqg6sDaspvoikuOs+KbedSEJra5B0LOZDA==",
      "engines": {
        "node": ">=10"
      }
    }
  },
  "dependencies": {
    "dayjs": {
      "version": "1.11.7",
      "resolved": "https://registry.npmjs.org/dayjs/-/dayjs-1.11.7.tgz",
      "integrity": "sha512-+Yw9U6YO5TQohxLcIkrXBeY73WP3ejHWVvx8XCk3gxvQDCTEmS48ZrSZCKciI7Bhl/uCMyxYtE9UqRILmFphkQ=="
    },
    "pluralize": {
      "version": "8.0.0",
      "resolved": "https://registry.npmjs.org/pluralize/-/pluralize-8.0.0.tgz",
      "integrity": "sha512-Nc3IT5yHzflTfbjgqWcCPpo7DaKy4FnpB0l/zCAW0Tc7jxAiuqSxHasntB3D7887LSrA93kDJ9IXovxJYxyLCA=="
    },
    "pluralize-js": {
      "version": "8.0.1",
      "resolved": "https://registry.npmjs.org/pluralize-js/-/pluralize-js-8.0.1.tgz",
      "integrity": "sha512-BYdyDHr+quw2JcvZrWrJTXf+sPjuhGbl7dZPnDsSDqqwGOMlTc+Laqg6sDaspvoikuOs+KbedSEJra5B0LOZDA=="
    }
  }
}
